
Microsoft Visual Studio Solution File, Format Version 12.00
# Visual Studio 15
VisualStudioVersion = 15.0.27130.2026
MinimumVisualStudioVersion = 10.0.40219.1
Project("{F2A71F9B-5D33-465A-A702-920D77279786}") = "War", "War\War.fsproj", "{0CAD3EEF-560F-4FAF-BF89-168E184989E3}"
EndProject
Project("{F2A71F9B-5D33-465A-A702-920D77279786}") = "StockExchangeLosses", "StockExchangeLosses\StockExchangeLosses.fsproj", "{D8948A27-8D60-4807-BEBF-5733FD295D40}"
EndProject
Project("{F2A71F9B-5D33-465A-A702-920D77279786}") = "TheLastCrusade", "TheLastCrusade\TheLastCrusade.fsproj", "{D0522212-131B-4151-A9D2-81ED68F48C8C}"
EndProject
Project("{F2A71F9B-5D33-465A-A702-920D77279786}") = "SkyNet", "SkyNet\SkyNet.fsproj", "{49C337B9-3713-4F98-89C4-B41C7BC974A4}"
EndProject
Project("{F2A71F9B-5D33-465A-A702-920D77279786}") = "Algorithms", "Algorithms\Algorithms.fsproj", "{1A103FA8-A0D0-4BD3-8898-5375E602457E}"
EndProject
Project("{F2A71F9B-5D33-465A-A702-920D77279786}") = "Teads", "Teads\Teads.fsproj", "{6F6FF98B-C88D-42F3-9994-922479954508}"
EndProject
Project("{F2A71F9B-5D33-465A-A702-920D77279786}") = "ConwaySequence", "ConwaySequence\ConwaySequence.fsproj", "{88262179-4DC8-40AE-A258-E65564CBD6F5}"
EndProject
Project("{F2A71F9B-5D33-465A-A702-920D77279786}") = "NetworkCabling", "NetworkCabling\NetworkCabling.fsproj", "{126C1EDE-4DDF-4F88-B4D3-4F219FAEF38F}"
EndProject
Project("{F2A71F9B-5D33-465A-A702-920D77279786}") = "TheBridge", "TheBridge\TheBridge.fsproj", "{7B786CA3-2AB6-4D20-9875-7E21FF9CE94E}"
EndProject
Project("{F2A71F9B-5D33-465A-A702-920D77279786}") = "PhoneNumbers", "PhoneNumbers\PhoneNumbers.fsproj", "{3BBF0E37-2E09-4BE4-8D7D-7382B5E48EB3}"
EndProject
Project("{F2A71F9B-5D33-465A-A702-920D77279786}") = "DwarfsOnGiants", "DwarfsOnGiants\DwarfsOnGiants.fsproj", "{875A894C-4F64-4569-AD15-D4E6F95DA70F}"
EndProject
Global
	GlobalSection(SolutionConfigurationPlatforms) = preSolution
		Debug|Any CPU = Debug|Any CPU
		Release|Any CPU = Release|Any CPU
	EndGlobalSection
	GlobalSection(ProjectConfigurationPlatforms) = postSolution
		{0CAD3EEF-560F-4FAF-BF89-168E184989E3}.Debug|Any CPU.ActiveCfg = Debug|Any CPU
		{0CAD3EEF-560F-4FAF-BF89-168E184989E3}.Debug|Any CPU.Build.0 = Debug|Any CPU
		{0CAD3EEF-560F-4FAF-BF89-168E184989E3}.Release|Any CPU.ActiveCfg = Release|Any CPU
		{0CAD3EEF-560F-4FAF-BF89-168E184989E3}.Release|Any CPU.Build.0 = Release|Any CPU
		{D8948A27-8D60-4807-BEBF-5733FD295D40}.Debug|Any CPU.ActiveCfg = Debug|Any CPU
		{D8948A27-8D60-4807-BEBF-5733FD295D40}.Debug|Any CPU.Build.0 = Debug|Any CPU
		{D8948A27-8D60-4807-BEBF-5733FD295D40}.Release|Any CPU.ActiveCfg = Release|Any CPU
		{D8948A27-8D60-4807-BEBF-5733FD295D40}.Release|Any CPU.Build.0 = Release|Any CPU
		{D0522212-131B-4151-A9D2-81ED68F48C8C}.Debug|Any CPU.ActiveCfg = Debug|Any CPU
		{D0522212-131B-4151-A9D2-81ED68F48C8C}.Debug|Any CPU.Build.0 = Debug|Any CPU
		{D0522212-131B-4151-A9D2-81ED68F48C8C}.Release|Any CPU.ActiveCfg = Release|Any CPU
		{D0522212-131B-4151-A9D2-81ED68F48C8C}.Release|Any CPU.Build.0 = Release|Any CPU
		{49C337B9-3713-4F98-89C4-B41C7BC974A4}.Debug|Any CPU.ActiveCfg = Debug|Any CPU
		{49C337B9-3713-4F98-89C4-B41C7BC974A4}.Debug|Any CPU.Build.0 = Debug|Any CPU
		{49C337B9-3713-4F98-89C4-B41C7BC974A4}.Release|Any CPU.ActiveCfg = Release|Any CPU
		{49C337B9-3713-4F98-89C4-B41C7BC974A4}.Release|Any CPU.Build.0 = Release|Any CPU
		{1A103FA8-A0D0-4BD3-8898-5375E602457E}.Debug|Any CPU.ActiveCfg = Debug|Any CPU
		{1A103FA8-A0D0-4BD3-8898-5375E602457E}.Debug|Any CPU.Build.0 = Debug|Any CPU
		{1A103FA8-A0D0-4BD3-8898-5375E602457E}.Release|Any CPU.ActiveCfg = Release|Any CPU
		{1A103FA8-A0D0-4BD3-8898-5375E602457E}.Release|Any CPU.Build.0 = Release|Any CPU
		{6F6FF98B-C88D-42F3-9994-922479954508}.Debug|Any CPU.ActiveCfg = Debug|Any CPU
		{6F6FF98B-C88D-42F3-9994-922479954508}.Debug|Any CPU.Build.0 = Debug|Any CPU
		{6F6FF98B-C88D-42F3-9994-922479954508}.Release|Any CPU.ActiveCfg = Release|Any CPU
		{6F6FF98B-C88D-42F3-9994-922479954508}.Release|Any CPU.Build.0 = Release|Any CPU
		{88262179-4DC8-40AE-A258-E65564CBD6F5}.Debug|Any CPU.ActiveCfg = Debug|Any CPU
		{88262179-4DC8-40AE-A258-E65564CBD6F5}.Debug|Any CPU.Build.0 = Debug|Any CPU
		{88262179-4DC8-40AE-A258-E65564CBD6F5}.Release|Any CPU.ActiveCfg = Release|Any CPU
		{88262179-4DC8-40AE-A258-E65564CBD6F5}.Release|Any CPU.Build.0 = Release|Any CPU
		{126C1EDE-4DDF-4F88-B4D3-4F219FAEF38F}.Debug|Any CPU.ActiveCfg = Debug|Any CPU
		{126C1EDE-4DDF-4F88-B4D3-4F219FAEF38F}.Debug|Any CPU.Build.0 = Debug|Any CPU
		{126C1EDE-4DDF-4F88-B4D3-4F219FAEF38F}.Release|Any CPU.ActiveCfg = Release|Any CPU
		{126C1EDE-4DDF-4F88-B4D3-4F219FAEF38F}.Release|Any CPU.Build.0 = Release|Any CPU
		{7B786CA3-2AB6-4D20-9875-7E21FF9CE94E}.Debug|Any CPU.ActiveCfg = Debug|Any CPU
		{7B786CA3-2AB6-4D20-9875-7E21FF9CE94E}.Debug|Any CPU.Build.0 = Debug|Any CPU
		{7B786CA3-2AB6-4D20-9875-7E21FF9CE94E}.Release|Any CPU.ActiveCfg = Release|Any CPU
		{7B786CA3-2AB6-4D20-9875-7E21FF9CE94E}.Release|Any CPU.Build.0 = Release|Any CPU
		{3BBF0E37-2E09-4BE4-8D7D-7382B5E48EB3}.Debug|Any CPU.ActiveCfg = Debug|Any CPU
		{3BBF0E37-2E09-4BE4-8D7D-7382B5E48EB3}.Debug|Any CPU.Build.0 = Debug|Any CPU
		{3BBF0E37-2E09-4BE4-8D7D-7382B5E48EB3}.Release|Any CPU.ActiveCfg = Release|Any CPU
		{3BBF0E37-2E09-4BE4-8D7D-7382B5E48EB3}.Release|Any CPU.Build.0 = Release|Any CPU
		{875A894C-4F64-4569-AD15-D4E6F95DA70F}.Debug|Any CPU.ActiveCfg = Debug|Any CPU
		{875A894C-4F64-4569-AD15-D4E6F95DA70F}.Debug|Any CPU.Build.0 = Debug|Any CPU
		{875A894C-4F64-4569-AD15-D4E6F95DA70F}.Release|Any CPU.ActiveCfg = Release|Any CPU
		{875A894C-4F64-4569-AD15-D4E6F95DA70F}.Release|Any CPU.Build.0 = Release|Any CPU
	EndGlobalSection
	GlobalSection(SolutionProperties) = preSolution
		HideSolutionNode = FALSE
	EndGlobalSection
	GlobalSection(ExtensibilityGlobals) = postSolution
		SolutionGuid = {8692896F-6FBD-4069-9D8E-B7E35BD9069B}
	EndGlobalSection
EndGlobal
