
Microsoft Visual Studio Solution File, Format Version 12.00
# Visual Studio 15
VisualStudioVersion = 15.0.27130.2024
MinimumVisualStudioVersion = 10.0.40219.1
Project("{F2A71F9B-5D33-465A-A702-920D77279786}") = "War", "War\War.fsproj", "{0CAD3EEF-560F-4FAF-BF89-168E184989E3}"
EndProject
Project("{F2A71F9B-5D33-465A-A702-920D77279786}") = "StockExchangeLosses", "StockExchangeLosses\StockExchangeLosses.fsproj", "{D8948A27-8D60-4807-BEBF-5733FD295D40}"
EndProject
Project("{F2A71F9B-5D33-465A-A702-920D77279786}") = "TheLastCrusade", "TheLastCrusade\TheLastCrusade.fsproj", "{D0522212-131B-4151-A9D2-81ED68F48C8C}"
EndProject
Project("{F2A71F9B-5D33-465A-A702-920D77279786}") = "SkyNet", "SkyNet\SkyNet.fsproj", "{49C337B9-3713-4F98-89C4-B41C7BC974A4}"
EndProject
Global
	GlobalSection(SolutionConfigurationPlatforms) = preSolution
		Debug|Any CPU = Debug|Any CPU
		Release|Any CPU = Release|Any CPU
	EndGlobalSection
	GlobalSection(ProjectConfigurationPlatforms) = postSolution
		{0CAD3EEF-560F-4FAF-BF89-168E184989E3}.Debug|Any CPU.ActiveCfg = Debug|Any CPU
		{0CAD3EEF-560F-4FAF-BF89-168E184989E3}.Debug|Any CPU.Build.0 = Debug|Any CPU
		{0CAD3EEF-560F-4FAF-BF89-168E184989E3}.Release|Any CPU.ActiveCfg = Release|Any CPU
		{0CAD3EEF-560F-4FAF-BF89-168E184989E3}.Release|Any CPU.Build.0 = Release|Any CPU
		{D8948A27-8D60-4807-BEBF-5733FD295D40}.Debug|Any CPU.ActiveCfg = Debug|Any CPU
		{D8948A27-8D60-4807-BEBF-5733FD295D40}.Debug|Any CPU.Build.0 = Debug|Any CPU
		{D8948A27-8D60-4807-BEBF-5733FD295D40}.Release|Any CPU.ActiveCfg = Release|Any CPU
		{D8948A27-8D60-4807-BEBF-5733FD295D40}.Release|Any CPU.Build.0 = Release|Any CPU
		{D0522212-131B-4151-A9D2-81ED68F48C8C}.Debug|Any CPU.ActiveCfg = Debug|Any CPU
		{D0522212-131B-4151-A9D2-81ED68F48C8C}.Debug|Any CPU.Build.0 = Debug|Any CPU
		{D0522212-131B-4151-A9D2-81ED68F48C8C}.Release|Any CPU.ActiveCfg = Release|Any CPU
		{D0522212-131B-4151-A9D2-81ED68F48C8C}.Release|Any CPU.Build.0 = Release|Any CPU
		{49C337B9-3713-4F98-89C4-B41C7BC974A4}.Debug|Any CPU.ActiveCfg = Debug|Any CPU
		{49C337B9-3713-4F98-89C4-B41C7BC974A4}.Debug|Any CPU.Build.0 = Debug|Any CPU
		{49C337B9-3713-4F98-89C4-B41C7BC974A4}.Release|Any CPU.ActiveCfg = Release|Any CPU
		{49C337B9-3713-4F98-89C4-B41C7BC974A4}.Release|Any CPU.Build.0 = Release|Any CPU
	EndGlobalSection
	GlobalSection(SolutionProperties) = preSolution
		HideSolutionNode = FALSE
	EndGlobalSection
	GlobalSection(ExtensibilityGlobals) = postSolution
		SolutionGuid = {8692896F-6FBD-4069-9D8E-B7E35BD9069B}
	EndGlobalSection
EndGlobal
